
Microsoft Visual Studio Solution File, Format Version 12.00
# Visual Studio Version 16
VisualStudioVersion = 16.0.29324.140
MinimumVisualStudioVersion = 10.0.40219.1
Project("{FAE04EC0-301F-11D3-BF4B-00C04F79EFBC}") = "NewSolution", "NewSolution.csproj", "{8411D5D8-F5E9-49BD-B6B0-1665530BF00D}"
EndProject
Global
	GlobalSection(SolutionConfigurationPlatforms) = preSolution
		Debug|Any CPU = Debug|Any CPU
		Release|Any CPU = Release|Any CPU
	EndGlobalSection
	GlobalSection(ProjectConfigurationPlatforms) = postSolution
		{8411D5D8-F5E9-49BD-B6B0-1665530BF00D}.Debug|Any CPU.ActiveCfg = Debug|Any CPU
		{8411D5D8-F5E9-49BD-B6B0-1665530BF00D}.Debug|Any CPU.Build.0 = Debug|Any CPU
		{8411D5D8-F5E9-49BD-B6B0-1665530BF00D}.Release|Any CPU.ActiveCfg = Release|Any CPU
		{8411D5D8-F5E9-49BD-B6B0-1665530BF00D}.Release|Any CPU.Build.0 = Release|Any CPU
	EndGlobalSection
	GlobalSection(SolutionProperties) = preSolution
		HideSolutionNode = FALSE
	EndGlobalSection
	GlobalSection(ExtensibilityGlobals) = postSolution
		SolutionGuid = {E89144F4-F273-42C0-A1B2-5292CA91D1F7}
	EndGlobalSection
EndGlobal
